// !$*UTF8*$!
{
	archiveVersion = 1;
	classes = {
	};
	objectVersion = 50;
	objects = {

/* Begin PBXBuildFile section */
		233520E46220F75462A9C8BF /* Pods_TableviewTask.framework in Frameworks */ = {isa = PBXBuildFile; fileRef = 7AC41DB38BF4CBCDABB49FB6 /* Pods_TableviewTask.framework */; };
		7235C98B211C981900185D62 /* AppDelegate.swift in Sources */ = {isa = PBXBuildFile; fileRef = 7235C98A211C981900185D62 /* AppDelegate.swift */; };
		7235C98D211C981900185D62 /* ViewController.swift in Sources */ = {isa = PBXBuildFile; fileRef = 7235C98C211C981900185D62 /* ViewController.swift */; };
		7235C990211C981900185D62 /* Main.storyboard in Resources */ = {isa = PBXBuildFile; fileRef = 7235C98E211C981900185D62 /* Main.storyboard */; };
		7235C992211C981A00185D62 /* Assets.xcassets in Resources */ = {isa = PBXBuildFile; fileRef = 7235C991211C981A00185D62 /* Assets.xcassets */; };
		7235C995211C981A00185D62 /* LaunchScreen.storyboard in Resources */ = {isa = PBXBuildFile; fileRef = 7235C993211C981A00185D62 /* LaunchScreen.storyboard */; };
		7235C9A1211CAB1E00185D62 /* JsonFile.txt in Resources */ = {isa = PBXBuildFile; fileRef = 7235C9A0211CAB1D00185D62 /* JsonFile.txt */; };
/* End PBXBuildFile section */

/* Begin PBXFileReference section */
		49876CC4AF2D1E545B0F0A6D /* Pods-TableviewTask.release.xcconfig */ = {isa = PBXFileReference; includeInIndex = 1; lastKnownFileType = text.xcconfig; name = "Pods-TableviewTask.release.xcconfig"; path = "Pods/Target Support Files/Pods-TableviewTask/Pods-TableviewTask.release.xcconfig"; sourceTree = "<group>"; };
		66FF81E34F6292D1F4D6C26B /* Pods-TableviewTask.debug.xcconfig */ = {isa = PBXFileReference; includeInIndex = 1; lastKnownFileType = text.xcconfig; name = "Pods-TableviewTask.debug.xcconfig"; path = "Pods/Target Support Files/Pods-TableviewTask/Pods-TableviewTask.debug.xcconfig"; sourceTree = "<group>"; };
		7235C987211C981800185D62 /* TableviewTask.app */ = {isa = PBXFileReference; explicitFileType = wrapper.application; includeInIndex = 0; path = TableviewTask.app; sourceTree = BUILT_PRODUCTS_DIR; };
		7235C98A211C981900185D62 /* AppDelegate.swift */ = {isa = PBXFileReference; lastKnownFileType = sourcecode.swift; path = AppDelegate.swift; sourceTree = "<group>"; };
		7235C98C211C981900185D62 /* ViewController.swift */ = {isa = PBXFileReference; lastKnownFileType = sourcecode.swift; path = ViewController.swift; sourceTree = "<group>"; };
		7235C98F211C981900185D62 /* Base */ = {isa = PBXFileReference; lastKnownFileType = file.storyboard; name = Base; path = Base.lproj/Main.storyboard; sourceTree = "<group>"; };
		7235C991211C981A00185D62 /* Assets.xcassets */ = {isa = PBXFileReference; lastKnownFileType = folder.assetcatalog; path = Assets.xcassets; sourceTree = "<group>"; };
		7235C994211C981A00185D62 /* Base */ = {isa = PBXFileReference; lastKnownFileType = file.storyboard; name = Base; path = Base.lproj/LaunchScreen.storyboard; sourceTree = "<group>"; };
		7235C996211C981A00185D62 /* Info.plist */ = {isa = PBXFileReference; lastKnownFileType = text.plist.xml; path = Info.plist; sourceTree = "<group>"; };
		7235C9A0211CAB1D00185D62 /* JsonFile.txt */ = {isa = PBXFileReference; fileEncoding = 4; lastKnownFileType = text; path = JsonFile.txt; sourceTree = "<group>"; };
		7AC41DB38BF4CBCDABB49FB6 /* Pods_TableviewTask.framework */ = {isa = PBXFileReference; explicitFileType = wrapper.framework; includeInIndex = 0; path = Pods_TableviewTask.framework; sourceTree = BUILT_PRODUCTS_DIR; };
/* End PBXFileReference section */

/* Begin PBXFrameworksBuildPhase section */
		7235C984211C981800185D62 /* Frameworks */ = {
			isa = PBXFrameworksBuildPhase;
			buildActionMask = 2147483647;
			files = (
				233520E46220F75462A9C8BF /* Pods_TableviewTask.framework in Frameworks */,
			);
			runOnlyForDeploymentPostprocessing = 0;
		};
/* End PBXFrameworksBuildPhase section */

/* Begin PBXGroup section */
		131B89FF495A91E779C12712 /* Frameworks */ = {
			isa = PBXGroup;
			children = (
				7AC41DB38BF4CBCDABB49FB6 /* Pods_TableviewTask.framework */,
			);
			name = Frameworks;
			sourceTree = "<group>";
		};
		7235C97E211C981800185D62 = {
			isa = PBXGroup;
			children = (
				7235C989211C981800185D62 /* TableviewTask */,
				7235C988211C981800185D62 /* Products */,
				73573683831F5791DC868AF3 /* Pods */,
				131B89FF495A91E779C12712 /* Frameworks */,
			);
			sourceTree = "<group>";
		};
		7235C988211C981800185D62 /* Products */ = {
			isa = PBXGroup;
			children = (
				7235C987211C981800185D62 /* TableviewTask.app */,
			);
			name = Products;
			sourceTree = "<group>";
		};
		7235C989211C981800185D62 /* TableviewTask */ = {
			isa = PBXGroup;
			children = (
				7235C98A211C981900185D62 /* AppDelegate.swift */,
				7235C98C211C981900185D62 /* ViewController.swift */,
				7235C98E211C981900185D62 /* Main.storyboard */,
				7235C991211C981A00185D62 /* Assets.xcassets */,
				7235C993211C981A00185D62 /* LaunchScreen.storyboard */,
				7235C996211C981A00185D62 /* Info.plist */,
				7235C9A0211CAB1D00185D62 /* JsonFile.txt */,
			);
			path = TableviewTask;
			sourceTree = "<group>";
		};
		73573683831F5791DC868AF3 /* Pods */ = {
			isa = PBXGroup;
			children = (
				66FF81E34F6292D1F4D6C26B /* Pods-TableviewTask.debug.xcconfig */,
				49876CC4AF2D1E545B0F0A6D /* Pods-TableviewTask.release.xcconfig */,
			);
			name = Pods;
			sourceTree = "<group>";
		};
/* End PBXGroup section */

/* Begin PBXNativeTarget section */
		7235C986211C981800185D62 /* TableviewTask */ = {
			isa = PBXNativeTarget;
			buildConfigurationList = 7235C999211C981A00185D62 /* Build configuration list for PBXNativeTarget "TableviewTask" */;
			buildPhases = (
				D3E119182B51FBFEA4D94578 /* [CP] Check Pods Manifest.lock */,
				7235C983211C981800185D62 /* Sources */,
				7235C984211C981800185D62 /* Frameworks */,
				7235C985211C981800185D62 /* Resources */,
				CF82CE3403A0686024F48DBB /* [CP] Embed Pods Frameworks */,
			);
			buildRules = (
			);
			dependencies = (
			);
			name = TableviewTask;
			productName = TableviewTask;
			productReference = 7235C987211C981800185D62 /* TableviewTask.app */;
			productType = "com.apple.product-type.application";
		};
/* End PBXNativeTarget section */

/* Begin PBXProject section */
		7235C97F211C981800185D62 /* Project object */ = {
			isa = PBXProject;
			attributes = {
				LastSwiftUpdateCheck = 0930;
				LastUpgradeCheck = 0930;
				ORGANIZATIONNAME = Bharath;
				TargetAttributes = {
					7235C986211C981800185D62 = {
						CreatedOnToolsVersion = 9.3.1;
					};
				};
			};
			buildConfigurationList = 7235C982211C981800185D62 /* Build configuration list for PBXProject "TableviewTask" */;
			compatibilityVersion = "Xcode 9.3";
			developmentRegion = en;
			hasScannedForEncodings = 0;
			knownRegions = (
				en,
				Base,
			);
			mainGroup = 7235C97E211C981800185D62;
			productRefGroup = 7235C988211C981800185D62 /* Products */;
			projectDirPath = "";
			projectRoot = "";
			targets = (
				7235C986211C981800185D62 /* TableviewTask */,
			);
		};
/* End PBXProject section */

/* Begin PBXResourcesBuildPhase section */
		7235C985211C981800185D62 /* Resources */ = {
			isa = PBXResourcesBuildPhase;
			buildActionMask = 2147483647;
			files = (
				7235C9A1211CAB1E00185D62 /* JsonFile.txt in Resources */,
				7235C995211C981A00185D62 /* LaunchScreen.storyboard in Resources */,
				7235C992211C981A00185D62 /* Assets.xcassets in Resources */,
				7235C990211C981900185D62 /* Main.storyboard in Resources */,
			);
			runOnlyForDeploymentPostprocessing = 0;
		};
/* End PBXResourcesBuildPhase section */

/* Begin PBXShellScriptBuildPhase section */
		CF82CE3403A0686024F48DBB /* [CP] Embed Pods Frameworks */ = {
			isa = PBXShellScriptBuildPhase;
			buildActionMask = 2147483647;
			files = (
			);
			inputPaths = (
				"${SRCROOT}/Pods/Target Support Files/Pods-TableviewTask/Pods-TableviewTask-frameworks.sh",
				"${BUILT_PRODUCTS_DIR}/SDWebImage/SDWebImage.framework",
			);
			name = "[CP] Embed Pods Frameworks";
			outputPaths = (
				"${TARGET_BUILD_DIR}/${FRAMEWORKS_FOLDER_PATH}/SDWebImage.framework",
			);
			runOnlyForDeploymentPostprocessing = 0;
			shellPath = /bin/sh;
			shellScript = "\"${SRCROOT}/Pods/Target Support Files/Pods-TableviewTask/Pods-TableviewTask-frameworks.sh\"\n";
			showEnvVarsInLog = 0;
		};
		D3E119182B51FBFEA4D94578 /* [CP] Check Pods Manifest.lock */ = {
			isa = PBXShellScriptBuildPhase;
			buildActionMask = 2147483647;
			files = (
			);
			inputPaths = (
				"${PODS_PODFILE_DIR_PATH}/Podfile.lock",
				"${PODS_ROOT}/Manifest.lock",
			);
			name = "[CP] Check Pods Manifest.lock";
			outputPaths = (
				"$(DERIVED_FILE_DIR)/Pods-TableviewTask-checkManifestLockResult.txt",
			);
			runOnlyForDeploymentPostprocessing = 0;
			shellPath = /bin/sh;
			shellScript = "diff \"${PODS_PODFILE_DIR_PATH}/Podfile.lock\" \"${PODS_ROOT}/Manifest.lock\" > /dev/null\nif [ $? != 0 ] ; then\n    # print error to STDERR\n    echo \"error: The sandbox is not in sync with the Podfile.lock. Run 'pod install' or update your CocoaPods installation.\" >&2\n    exit 1\nfi\n# This output is used by Xcode 'outputs' to avoid re-running this script phase.\necho \"SUCCESS\" > \"${SCRIPT_OUTPUT_FILE_0}\"\n";
			showEnvVarsInLog = 0;
		};
/* End PBXShellScriptBuildPhase section */

/* Begin PBXSourcesBuildPhase section */
		7235C983211C981800185D62 /* Sources */ = {
			isa = PBXSourcesBuildPhase;
			buildActionMask = 2147483647;
			files = (
				7235C98D211C981900185D62 /* ViewController.swift in Sources */,
				7235C98B211C981900185D62 /* AppDelegate.swift in Sources */,
			);
			runOnlyForDeploymentPostprocessing = 0;
		};
/* End PBXSourcesBuildPhase section */

/* Begin PBXVariantGroup section */
		7235C98E211C981900185D62 /* Main.storyboard */ = {
			isa = PBXVariantGroup;
			children = (
				7235C98F211C981900185D62 /* Base */,
			);
			name = Main.storyboard;
			sourceTree = "<group>";
		};
		7235C993211C981A00185D62 /* LaunchScreen.storyboard */ = {
			isa = PBXVariantGroup;
			children = (
				7235C994211C981A00185D62 /* Base */,
			);
			name = LaunchScreen.storyboard;
			sourceTree = "<group>";
		};
/* End PBXVariantGroup section */

/* Begin XCBuildConfiguration section */
		7235C997211C981A00185D62 /* Debug */ = {
			isa = XCBuildConfiguration;
			buildSettings = {
				ALWAYS_SEARCH_USER_PATHS = NO;
				CLANG_ANALYZER_NONNULL = YES;
				CLANG_ANALYZER_NUMBER_OBJECT_CONVERSION = YES_AGGRESSIVE;
				CLANG_CXX_LANGUAGE_STANDARD = "gnu++14";
				CLANG_CXX_LIBRARY = "libc++";
				CLANG_ENABLE_MODULES = YES;
				CLANG_ENABLE_OBJC_ARC = YES;
				CLANG_ENABLE_OBJC_WEAK = YES;
				CLANG_WARN_BLOCK_CAPTURE_AUTORELEASING = YES;
				CLANG_WARN_BOOL_CONVERSION = YES;
				CLANG_WARN_COMMA = YES;
				CLANG_WARN_CONSTANT_CONVERSION = YES;
				CLANG_WARN_DEPRECATED_OBJC_IMPLEMENTATIONS = YES;
				CLANG_WARN_DIRECT_OBJC_ISA_USAGE = YES_ERROR;
				CLANG_WARN_DOCUMENTATION_COMMENTS = YES;
				CLANG_WARN_EMPTY_BODY = YES;
				CLANG_WARN_ENUM_CONVERSION = YES;
				CLANG_WARN_INFINITE_RECURSION = YES;
				CLANG_WARN_INT_CONVERSION = YES;
				CLANG_WARN_NON_LITERAL_NULL_CONVERSION = YES;
				CLANG_WARN_OBJC_IMPLICIT_RETAIN_SELF = YES;
				CLANG_WARN_OBJC_LITERAL_CONVERSION = YES;
				CLANG_WARN_OBJC_ROOT_CLASS = YES_ERROR;
				CLANG_WARN_RANGE_LOOP_ANALYSIS = YES;
				CLANG_WARN_STRICT_PROTOTYPES = YES;
				CLANG_WARN_SUSPICIOUS_MOVE = YES;
				CLANG_WARN_UNGUARDED_AVAILABILITY = YES_AGGRESSIVE;
				CLANG_WARN_UNREACHABLE_CODE = YES;
				CLANG_WARN__DUPLICATE_METHOD_MATCH = YES;
				CODE_SIGN_IDENTITY = "iPhone Developer";
				COPY_PHASE_STRIP = NO;
				DEBUG_INFORMATION_FORMAT = dwarf;
				ENABLE_STRICT_OBJC_MSGSEND = YES;
				ENABLE_TESTABILITY = YES;
				GCC_C_LANGUAGE_STANDARD = gnu11;
				GCC_DYNAMIC_NO_PIC = NO;
				GCC_NO_COMMON_BLOCKS = YES;
				GCC_OPTIMIZATION_LEVEL = 0;
				GCC_PREPROCESSOR_DEFINITIONS = (
					"DEBUG=1",
					"$(inherited)",
				);
				GCC_WARN_64_TO_32_BIT_CONVERSION = YES;
				GCC_WARN_ABOUT_RETURN_TYPE = YES_ERROR;
				GCC_WARN_UNDECLARED_SELECTOR = YES;
				GCC_WARN_UNINITIALIZED_AUTOS = YES_AGGRESSIVE;
				GCC_WARN_UNUSED_FUNCTION = YES;
				GCC_WARN_UNUSED_VARIABLE = YES;
				IPHONEOS_DEPLOYMENT_TARGET = 11.3;
				MTL_ENABLE_DEBUG_INFO = YES;
				ONLY_ACTIVE_ARCH = YES;
				SDKROOT = iphoneos;
				SWIFT_ACTIVE_COMPILATION_CONDITIONS = DEBUG;
				SWIFT_OPTIMIZATION_LEVEL = "-Onone";
			};
			name = Debug;
		};
		7235C998211C981A00185D62 /* Release */ = {
			isa = XCBuildConfiguration;
			buildSettings = {
				ALWAYS_SEARCH_USER_PATHS = NO;
				CLANG_ANALYZER_NONNULL = YES;
				CLANG_ANALYZER_NUMBER_OBJECT_CONVERSION = YES_AGGRESSIVE;
				CLANG_CXX_LANGUAGE_STANDARD = "gnu++14";
				CLANG_CXX_LIBRARY = "libc++";
				CLANG_ENABLE_MODULES = YES;
				CLANG_ENABLE_OBJC_ARC = YES;
				CLANG_ENABLE_OBJC_WEAK = YES;
				CLANG_WARN_BLOCK_CAPTURE_AUTORELEASING = YES;
				CLANG_WARN_BOOL_CONVERSION = YES;
				CLANG_WARN_COMMA = YES;
				CLANG_WARN_CONSTANT_CONVERSION = YES;
				CLANG_WARN_DEPRECATED_OBJC_IMPLEMENTATIONS = YES;
				CLANG_WARN_DIRECT_OBJC_ISA_USAGE = YES_ERROR;
				CLANG_WARN_DOCUMENTATION_COMMENTS = YES;
				CLANG_WARN_EMPTY_BODY = YES;
				CLANG_WARN_ENUM_CONVERSION = YES;
				CLANG_WARN_INFINITE_RECURSION = YES;
				CLANG_WARN_INT_CONVERSION = YES;
				CLANG_WARN_NON_LITERAL_NULL_CONVERSION = YES;
				CLANG_WARN_OBJC_IMPLICIT_RETAIN_SELF = YES;
				CLANG_WARN_OBJC_LITERAL_CONVERSION = YES;
				CLANG_WARN_OBJC_ROOT_CLASS = YES_ERROR;
				CLANG_WARN_RANGE_LOOP_ANALYSIS = YES;
				CLANG_WARN_STRICT_PROTOTYPES = YES;
				CLANG_WARN_SUSPICIOUS_MOVE = YES;
				CLANG_WARN_UNGUARDED_AVAILABILITY = YES_AGGRESSIVE;
				CLANG_WARN_UNREACHABLE_CODE = YES;
				CLANG_WARN__DUPLICATE_METHOD_MATCH = YES;
				CODE_SIGN_IDENTITY = "iPhone Developer";
				COPY_PHASE_STRIP = NO;
				DEBUG_INFORMATION_FORMAT = "dwarf-with-dsym";
				ENABLE_NS_ASSERTIONS = NO;
				ENABLE_STRICT_OBJC_MSGSEND = YES;
				GCC_C_LANGUAGE_STANDARD = gnu11;
				GCC_NO_COMMON_BLOCKS = YES;
				GCC_WARN_64_TO_32_BIT_CONVERSION = YES;
				GCC_WARN_ABOUT_RETURN_TYPE = YES_ERROR;
				GCC_WARN_UNDECLARED_SELECTOR = YES;
				GCC_WARN_UNINITIALIZED_AUTOS = YES_AGGRESSIVE;
				GCC_WARN_UNUSED_FUNCTION = YES;
				GCC_WARN_UNUSED_VARIABLE = YES;
				IPHONEOS_DEPLOYMENT_TARGET = 11.3;
				MTL_ENABLE_DEBUG_INFO = NO;
				SDKROOT = iphoneos;
				SWIFT_COMPILATION_MODE = wholemodule;
				SWIFT_OPTIMIZATION_LEVEL = "-O";
				VALIDATE_PRODUCT = YES;
			};
			name = Release;
		};
		7235C99A211C981A00185D62 /* Debug */ = {
			isa = XCBuildConfiguration;
			baseConfigurationReference = 66FF81E34F6292D1F4D6C26B /* Pods-TableviewTask.debug.xcconfig */;
			buildSettings = {
				ASSETCATALOG_COMPILER_APPICON_NAME = AppIcon;
				CODE_SIGN_STYLE = Automatic;
				DEVELOPMENT_TEAM = 286BCTD55N;
				INFOPLIST_FILE = TableviewTask/Info.plist;
				LD_RUNPATH_SEARCH_PATHS = (
					"$(inherited)",
					"@executable_path/Frameworks",
				);
				PRODUCT_BUNDLE_IDENTIFIER = com.iOS.TableviewTask;
				PRODUCT_NAME = "$(TARGET_NAME)";
				SWIFT_VERSION = 4.0;
				TARGETED_DEVICE_FAMILY = "1,2";
			};
			name = Debug;
		};
		7235C99B211C981A00185D62 /* Release */ = {
			isa = XCBuildConfiguration;
			baseConfigurationReference = 49876CC4AF2D1E545B0F0A6D /* Pods-TableviewTask.release.xcconfig */;
			buildSettings = {
				ASSETCATALOG_COMPILER_APPICON_NAME = AppIcon;
				CODE_SIGN_STYLE = Automatic;
				DEVELOPMENT_TEAM = 286BCTD55N;
				INFOPLIST_FILE = TableviewTask/Info.plist;
				LD_RUNPATH_SEARCH_PATHS = (
					"$(inherited)",
					"@executable_path/Frameworks",
				);
				PRODUCT_BUNDLE_IDENTIFIER = com.iOS.TableviewTask;
				PRODUCT_NAME = "$(TARGET_NAME)";
				SWIFT_VERSION = 4.0;
				TARGETED_DEVICE_FAMILY = "1,2";
			};
			name = Release;
		};
/* End XCBuildConfiguration section */

/* Begin XCConfigurationList section */
		7235C982211C981800185D62 /* Build configuration list for PBXProject "TableviewTask" */ = {
			isa = XCConfigurationList;
			buildConfigurations = (
				7235C997211C981A00185D62 /* Debug */,
				7235C998211C981A00185D62 /* Release */,
			);
			defaultConfigurationIsVisible = 0;
			defaultConfigurationName = Release;
		};
		7235C999211C981A00185D62 /* Build configuration list for PBXNativeTarget "TableviewTask" */ = {
			isa = XCConfigurationList;
			buildConfigurations = (
				7235C99A211C981A00185D62 /* Debug */,
				7235C99B211C981A00185D62 /* Release */,
			);
			defaultConfigurationIsVisible = 0;
			defaultConfigurationName = Release;
		};
/* End XCConfigurationList section */
	};
	rootObject = 7235C97F211C981800185D62 /* Project object */;
}
